// !$*UTF8*$!
{
	archiveVersion = 1;
	classes = {
	};
	objectVersion = 56;
	objects = {

/* Begin PBXBuildFile section */
		CC537FC52E09E7CA00503A96 /* RealtimeAudioMonitor.swift in Sources */ = {isa = PBXBuildFile; fileRef = CC537FC42E09E7CA00503A96 /* RealtimeAudioMonitor.swift */; };
		CC537FC72E09E7D500503A96 /* VoiceActivityDetector.swift in Sources */ = {isa = PBXBuildFile; fileRef = CC537FC62E09E7D500503A96 /* VoiceActivityDetector.swift */; };
		CC98B1A62E17370900A4EDAB /* ProcessSelectionView.swift in Sources */ = {isa = PBXBuildFile; fileRef = CC98B1A02E17370900A4EDAB /* ProcessSelectionView.swift */; };
		CC98B1A72E17370900A4EDAB /* RootView.swift in Sources */ = {isa = PBXBuildFile; fileRef = CC98B1A42E17370900A4EDAB /* RootView.swift */; };
		CC98B1A82E17370900A4EDAB /* RecordingIndicator.swift in Sources */ = {isa = PBXBuildFile; fileRef = CC98B1A22E17370900A4EDAB /* RecordingIndicator.swift */; };
		CC98B1A92E17370900A4EDAB /* FileProxyView.swift in Sources */ = {isa = PBXBuildFile; fileRef = CC98B19F2E17370900A4EDAB /* FileProxyView.swift */; };
		CC98B1AA2E17370900A4EDAB /* RecordingView.swift in Sources */ = {isa = PBXBuildFile; fileRef = CC98B1A32E17370900A4EDAB /* RecordingView.swift */; };
		CC98B1AB2E17370900A4EDAB /* RealtimeVADView.swift in Sources */ = {isa = PBXBuildFile; fileRef = CC98B1A12E17370900A4EDAB /* RealtimeVADView.swift */; };
		F431728D2BF68C0C00D918A3 /* AudioRecordingPermission.swift in Sources */ = {isa = PBXBuildFile; fileRef = F431728C2BF68C0C00D918A3 /* AudioRecordingPermission.swift */; };
		F43172902BF6A92900D918A3 /* AudioProcessController.swift in Sources */ = {isa = PBXBuildFile; fileRef = F431728F2BF6A92900D918A3 /* AudioProcessController.swift */; };
		F43172942BF6B01000D918A3 /* ProcessTap.swift in Sources */ = {isa = PBXBuildFile; fileRef = F43172932BF6B01000D918A3 /* ProcessTap.swift */; };
		F43172962BF787C300D918A3 /* CoreAudioUtils.swift in Sources */ = {isa = PBXBuildFile; fileRef = F43172952BF787C300D918A3 /* CoreAudioUtils.swift */; };
		F47AD9422BF5B61E005B75AC /* AudioCapApp.swift in Sources */ = {isa = PBXBuildFile; fileRef = F47AD9412BF5B61E005B75AC /* AudioCapApp.swift */; };
		F47AD9462BF5B61F005B75AC /* Assets.xcassets in Resources */ = {isa = PBXBuildFile; fileRef = F47AD9452BF5B61F005B75AC /* Assets.xcassets */; };
		F47AD9492BF5B61F005B75AC /* Preview Assets.xcassets in Resources */ = {isa = PBXBuildFile; fileRef = F47AD9482BF5B61F005B75AC /* Preview Assets.xcassets */; };
/* End PBXBuildFile section */

/* Begin PBXFileReference section */
		CC537FC42E09E7CA00503A96 /* RealtimeAudioMonitor.swift */ = {isa = PBXFileReference; lastKnownFileType = sourcecode.swift; path = RealtimeAudioMonitor.swift; sourceTree = "<group>"; };
		CC537FC62E09E7D500503A96 /* VoiceActivityDetector.swift */ = {isa = PBXFileReference; lastKnownFileType = sourcecode.swift; path = VoiceActivityDetector.swift; sourceTree = "<group>"; };
		CC98B19F2E17370900A4EDAB /* FileProxyView.swift */ = {isa = PBXFileReference; lastKnownFileType = sourcecode.swift; path = FileProxyView.swift; sourceTree = "<group>"; };
		CC98B1A02E17370900A4EDAB /* ProcessSelectionView.swift */ = {isa = PBXFileReference; lastKnownFileType = sourcecode.swift; path = ProcessSelectionView.swift; sourceTree = "<group>"; };
		CC98B1A12E17370900A4EDAB /* RealtimeVADView.swift */ = {isa = PBXFileReference; lastKnownFileType = sourcecode.swift; path = RealtimeVADView.swift; sourceTree = "<group>"; };
		CC98B1A22E17370900A4EDAB /* RecordingIndicator.swift */ = {isa = PBXFileReference; lastKnownFileType = sourcecode.swift; path = RecordingIndicator.swift; sourceTree = "<group>"; };
		CC98B1A32E17370900A4EDAB /* RecordingView.swift */ = {isa = PBXFileReference; lastKnownFileType = sourcecode.swift; path = RecordingView.swift; sourceTree = "<group>"; };
		CC98B1A42E17370900A4EDAB /* RootView.swift */ = {isa = PBXFileReference; lastKnownFileType = sourcecode.swift; path = RootView.swift; sourceTree = "<group>"; };
		F431728C2BF68C0C00D918A3 /* AudioRecordingPermission.swift */ = {isa = PBXFileReference; lastKnownFileType = sourcecode.swift; path = AudioRecordingPermission.swift; sourceTree = "<group>"; };
		F431728E2BF691D900D918A3 /* Info.plist */ = {isa = PBXFileReference; lastKnownFileType = text.plist; path = Info.plist; sourceTree = "<group>"; };
		F431728F2BF6A92900D918A3 /* AudioProcessController.swift */ = {isa = PBXFileReference; lastKnownFileType = sourcecode.swift; path = AudioProcessController.swift; sourceTree = "<group>"; };
		F43172932BF6B01000D918A3 /* ProcessTap.swift */ = {isa = PBXFileReference; lastKnownFileType = sourcecode.swift; path = ProcessTap.swift; sourceTree = "<group>"; };
		F43172952BF787C300D918A3 /* CoreAudioUtils.swift */ = {isa = PBXFileReference; lastKnownFileType = sourcecode.swift; path = CoreAudioUtils.swift; sourceTree = "<group>"; };
		F431729E2BF7BB0E00D918A3 /* Main.xcconfig */ = {isa = PBXFileReference; lastKnownFileType = text.xcconfig; path = Main.xcconfig; sourceTree = "<group>"; };
		F47AD93E2BF5B61E005B75AC /* AudioCap.app */ = {isa = PBXFileReference; explicitFileType = wrapper.application; includeInIndex = 0; path = AudioCap.app; sourceTree = BUILT_PRODUCTS_DIR; };
		F47AD9412BF5B61E005B75AC /* AudioCapApp.swift */ = {isa = PBXFileReference; lastKnownFileType = sourcecode.swift; path = AudioCapApp.swift; sourceTree = "<group>"; };
		F47AD9452BF5B61F005B75AC /* Assets.xcassets */ = {isa = PBXFileReference; lastKnownFileType = folder.assetcatalog; path = Assets.xcassets; sourceTree = "<group>"; };
		F47AD9482BF5B61F005B75AC /* Preview Assets.xcassets */ = {isa = PBXFileReference; lastKnownFileType = folder.assetcatalog; path = "Preview Assets.xcassets"; sourceTree = "<group>"; };
		F47AD94A2BF5B61F005B75AC /* AudioCap.entitlements */ = {isa = PBXFileReference; lastKnownFileType = text.plist.entitlements; path = AudioCap.entitlements; sourceTree = "<group>"; };
/* End PBXFileReference section */

/* Begin PBXFrameworksBuildPhase section */
		F47AD93B2BF5B61E005B75AC /* Frameworks */ = {
			isa = PBXFrameworksBuildPhase;
			buildActionMask = 2147483647;
			files = (
			);
			runOnlyForDeploymentPostprocessing = 0;
		};
/* End PBXFrameworksBuildPhase section */

/* Begin PBXGroup section */
		CC98B1A52E17370900A4EDAB /* Views */ = {
			isa = PBXGroup;
			children = (
				CC98B19F2E17370900A4EDAB /* FileProxyView.swift */,
				CC98B1A02E17370900A4EDAB /* ProcessSelectionView.swift */,
				CC98B1A12E17370900A4EDAB /* RealtimeVADView.swift */,
				CC98B1A22E17370900A4EDAB /* RecordingIndicator.swift */,
				CC98B1A32E17370900A4EDAB /* RecordingView.swift */,
				CC98B1A42E17370900A4EDAB /* RootView.swift */,
			);
			path = Views;
			sourceTree = "<group>";
		};
		F431729D2BF7BB0600D918A3 /* Config */ = {
			isa = PBXGroup;
			children = (
				F431729E2BF7BB0E00D918A3 /* Main.xcconfig */,
			);
			path = Config;
			sourceTree = "<group>";
		};
		F431729F2BF7BD4700D918A3 /* ProcessTap */ = {
			isa = PBXGroup;
			children = (
				F431728C2BF68C0C00D918A3 /* AudioRecordingPermission.swift */,
				F431728F2BF6A92900D918A3 /* AudioProcessController.swift */,
				CC537FC42E09E7CA00503A96 /* RealtimeAudioMonitor.swift */,
				CC537FC62E09E7D500503A96 /* VoiceActivityDetector.swift */,
				F43172932BF6B01000D918A3 /* ProcessTap.swift */,
				F43172952BF787C300D918A3 /* CoreAudioUtils.swift */,
			);
			path = ProcessTap;
			sourceTree = "<group>";
		};
		F47AD9352BF5B61E005B75AC = {
			isa = PBXGroup;
			children = (
				F47AD9402BF5B61E005B75AC /* AudioCap */,
				F47AD93F2BF5B61E005B75AC /* Products */,
			);
			sourceTree = "<group>";
		};
		F47AD93F2BF5B61E005B75AC /* Products */ = {
			isa = PBXGroup;
			children = (
				F47AD93E2BF5B61E005B75AC /* AudioCap.app */,
			);
			name = Products;
			sourceTree = "<group>";
		};
		F47AD9402BF5B61E005B75AC /* AudioCap */ = {
			isa = PBXGroup;
			children = (
				F431729D2BF7BB0600D918A3 /* Config */,
				F431729F2BF7BD4700D918A3 /* ProcessTap */,
				F47AD9412BF5B61E005B75AC /* AudioCapApp.swift */,
				CC98B1A52E17370900A4EDAB /* Views */,
				F431728E2BF691D900D918A3 /* Info.plist */,
				F47AD9452BF5B61F005B75AC /* Assets.xcassets */,
				F47AD94A2BF5B61F005B75AC /* AudioCap.entitlements */,
				F47AD9472BF5B61F005B75AC /* Preview Content */,
			);
			path = AudioCap;
			sourceTree = "<group>";
		};
		F47AD9472BF5B61F005B75AC /* Preview Content */ = {
			isa = PBXGroup;
			children = (
				F47AD9482BF5B61F005B75AC /* Preview Assets.xcassets */,
			);
			path = "Preview Content";
			sourceTree = "<group>";
		};
/* End PBXGroup section */

/* Begin PBXNativeTarget section */
		F47AD93D2BF5B61E005B75AC /* AudioCap */ = {
			isa = PBXNativeTarget;
			buildConfigurationList = F47AD94D2BF5B61F005B75AC /* Build configuration list for PBXNativeTarget "AudioCap" */;
			buildPhases = (
				F47AD93A2BF5B61E005B75AC /* Sources */,
				F47AD93B2BF5B61E005B75AC /* Frameworks */,
				F47AD93C2BF5B61E005B75AC /* Resources */,
			);
			buildRules = (
			);
			dependencies = (
			);
			name = AudioCap;
			productName = AudioCap;
			productReference = F47AD93E2BF5B61E005B75AC /* AudioCap.app */;
			productType = "com.apple.product-type.application";
		};
/* End PBXNativeTarget section */

/* Begin PBXProject section */
		F47AD9362BF5B61E005B75AC /* Project object */ = {
			isa = PBXProject;
			attributes = {
				BuildIndependentTargetsInParallel = 1;
				LastSwiftUpdateCheck = 1530;
				LastUpgradeCheck = 1640;
				TargetAttributes = {
					F47AD93D2BF5B61E005B75AC = {
						CreatedOnToolsVersion = 15.3;
					};
				};
			};
			buildConfigurationList = F47AD9392BF5B61E005B75AC /* Build configuration list for PBXProject "AudioCap" */;
			compatibilityVersion = "Xcode 14.0";
			developmentRegion = en;
			hasScannedForEncodings = 0;
			knownRegions = (
				en,
				Base,
			);
			mainGroup = F47AD9352BF5B61E005B75AC;
			productRefGroup = F47AD93F2BF5B61E005B75AC /* Products */;
			projectDirPath = "";
			projectRoot = "";
			targets = (
				F47AD93D2BF5B61E005B75AC /* AudioCap */,
			);
		};
/* End PBXProject section */

/* Begin PBXResourcesBuildPhase section */
		F47AD93C2BF5B61E005B75AC /* Resources */ = {
			isa = PBXResourcesBuildPhase;
			buildActionMask = 2147483647;
			files = (
				F47AD9492BF5B61F005B75AC /* Preview Assets.xcassets in Resources */,
				F47AD9462BF5B61F005B75AC /* Assets.xcassets in Resources */,
			);
			runOnlyForDeploymentPostprocessing = 0;
		};
/* End PBXResourcesBuildPhase section */

/* Begin PBXSourcesBuildPhase section */
		F47AD93A2BF5B61E005B75AC /* Sources */ = {
			isa = PBXSourcesBuildPhase;
			buildActionMask = 2147483647;
			files = (
				CC98B1A62E17370900A4EDAB /* ProcessSelectionView.swift in Sources */,
				CC98B1A72E17370900A4EDAB /* RootView.swift in Sources */,
				CC98B1A82E17370900A4EDAB /* RecordingIndicator.swift in Sources */,
				CC98B1A92E17370900A4EDAB /* FileProxyView.swift in Sources */,
				CC98B1AA2E17370900A4EDAB /* RecordingView.swift in Sources */,
				CC98B1AB2E17370900A4EDAB /* RealtimeVADView.swift in Sources */,
				CC537FC52E09E7CA00503A96 /* RealtimeAudioMonitor.swift in Sources */,
				F43172902BF6A92900D918A3 /* AudioProcessController.swift in Sources */,
				F43172942BF6B01000D918A3 /* ProcessTap.swift in Sources */,
				CC537FC72E09E7D500503A96 /* VoiceActivityDetector.swift in Sources */,
				F47AD9422BF5B61E005B75AC /* AudioCapApp.swift in Sources */,
				F431728D2BF68C0C00D918A3 /* AudioRecordingPermission.swift in Sources */,
				F43172962BF787C300D918A3 /* CoreAudioUtils.swift in Sources */,
			);
			runOnlyForDeploymentPostprocessing = 0;
		};
/* End PBXSourcesBuildPhase section */

/* Begin XCBuildConfiguration section */
		F47AD94B2BF5B61F005B75AC /* Debug */ = {
			isa = XCBuildConfiguration;
			baseConfigurationReference = F431729E2BF7BB0E00D918A3 /* Main.xcconfig */;
			buildSettings = {
				ALWAYS_SEARCH_USER_PATHS = NO;
				ASSETCATALOG_COMPILER_GENERATE_SWIFT_ASSET_SYMBOL_EXTENSIONS = YES;
				CLANG_ANALYZER_NONNULL = YES;
				CLANG_ANALYZER_NUMBER_OBJECT_CONVERSION = YES_AGGRESSIVE;
				CLANG_CXX_LANGUAGE_STANDARD = "gnu++20";
				CLANG_ENABLE_MODULES = YES;
				CLANG_ENABLE_OBJC_ARC = YES;
				CLANG_ENABLE_OBJC_WEAK = YES;
				CLANG_WARN_BLOCK_CAPTURE_AUTORELEASING = YES;
				CLANG_WARN_BOOL_CONVERSION = YES;
				CLANG_WARN_COMMA = YES;
				CLANG_WARN_CONSTANT_CONVERSION = YES;
				CLANG_WARN_DEPRECATED_OBJC_IMPLEMENTATIONS = YES;
				CLANG_WARN_DIRECT_OBJC_ISA_USAGE = YES_ERROR;
				CLANG_WARN_DOCUMENTATION_COMMENTS = YES;
				CLANG_WARN_EMPTY_BODY = YES;
				CLANG_WARN_ENUM_CONVERSION = YES;
				CLANG_WARN_INFINITE_RECURSION = YES;
				CLANG_WARN_INT_CONVERSION = YES;
				CLANG_WARN_NON_LITERAL_NULL_CONVERSION = YES;
				CLANG_WARN_OBJC_IMPLICIT_RETAIN_SELF = YES;
				CLANG_WARN_OBJC_LITERAL_CONVERSION = YES;
				CLANG_WARN_OBJC_ROOT_CLASS = YES_ERROR;
				CLANG_WARN_QUOTED_INCLUDE_IN_FRAMEWORK_HEADER = YES;
				CLANG_WARN_RANGE_LOOP_ANALYSIS = YES;
				CLANG_WARN_STRICT_PROTOTYPES = YES;
				CLANG_WARN_SUSPICIOUS_MOVE = YES;
				CLANG_WARN_UNGUARDED_AVAILABILITY = YES_AGGRESSIVE;
				CLANG_WARN_UNREACHABLE_CODE = YES;
				CLANG_WARN__DUPLICATE_METHOD_MATCH = YES;
				COPY_PHASE_STRIP = NO;
				DEAD_CODE_STRIPPING = YES;
				DEBUG_INFORMATION_FORMAT = dwarf;
				DEVELOPMENT_TEAM = BD72FKWLAY;
				ENABLE_STRICT_OBJC_MSGSEND = YES;
				ENABLE_TESTABILITY = YES;
				ENABLE_USER_SCRIPT_SANDBOXING = YES;
				GCC_C_LANGUAGE_STANDARD = gnu17;
				GCC_DYNAMIC_NO_PIC = NO;
				GCC_NO_COMMON_BLOCKS = YES;
				GCC_OPTIMIZATION_LEVEL = 0;
				GCC_PREPROCESSOR_DEFINITIONS = (
					"DEBUG=1",
					"$(inherited)",
				);
				GCC_WARN_64_TO_32_BIT_CONVERSION = YES;
				GCC_WARN_ABOUT_RETURN_TYPE = YES_ERROR;
				GCC_WARN_UNDECLARED_SELECTOR = YES;
				GCC_WARN_UNINITIALIZED_AUTOS = YES_AGGRESSIVE;
				GCC_WARN_UNUSED_FUNCTION = YES;
				GCC_WARN_UNUSED_VARIABLE = YES;
				LOCALIZATION_PREFERS_STRING_CATALOGS = YES;
				MACOSX_DEPLOYMENT_TARGET = 14.4;
				MTL_ENABLE_DEBUG_INFO = INCLUDE_SOURCE;
				MTL_FAST_MATH = YES;
				ONLY_ACTIVE_ARCH = YES;
				OTHER_SWIFT_FLAGS = "$(inherited) -D DEBUG";
				SDKROOT = macosx;
				SWIFT_ACTIVE_COMPILATION_CONDITIONS = "DEBUG $(inherited)";
				SWIFT_OPTIMIZATION_LEVEL = "-Onone";
			};
			name = Debug;
		};
		F47AD94C2BF5B61F005B75AC /* Release */ = {
			isa = XCBuildConfiguration;
			baseConfigurationReference = F431729E2BF7BB0E00D918A3 /* Main.xcconfig */;
			buildSettings = {
				ALWAYS_SEARCH_USER_PATHS = NO;
				ASSETCATALOG_COMPILER_GENERATE_SWIFT_ASSET_SYMBOL_EXTENSIONS = YES;
				CLANG_ANALYZER_NONNULL = YES;
				CLANG_ANALYZER_NUMBER_OBJECT_CONVERSION = YES_AGGRESSIVE;
				CLANG_CXX_LANGUAGE_STANDARD = "gnu++20";
				CLANG_ENABLE_MODULES = YES;
				CLANG_ENABLE_OBJC_ARC = YES;
				CLANG_ENABLE_OBJC_WEAK = YES;
				CLANG_WARN_BLOCK_CAPTURE_AUTORELEASING = YES;
				CLANG_WARN_BOOL_CONVERSION = YES;
				CLANG_WARN_COMMA = YES;
				CLANG_WARN_CONSTANT_CONVERSION = YES;
				CLANG_WARN_DEPRECATED_OBJC_IMPLEMENTATIONS = YES;
				CLANG_WARN_DIRECT_OBJC_ISA_USAGE = YES_ERROR;
				CLANG_WARN_DOCUMENTATION_COMMENTS = YES;
				CLANG_WARN_EMPTY_BODY = YES;
				CLANG_WARN_ENUM_CONVERSION = YES;
				CLANG_WARN_INFINITE_RECURSION = YES;
				CLANG_WARN_INT_CONVERSION = YES;
				CLANG_WARN_NON_LITERAL_NULL_CONVERSION = YES;
				CLANG_WARN_OBJC_IMPLICIT_RETAIN_SELF = YES;
				CLANG_WARN_OBJC_LITERAL_CONVERSION = YES;
				CLANG_WARN_OBJC_ROOT_CLASS = YES_ERROR;
				CLANG_WARN_QUOTED_INCLUDE_IN_FRAMEWORK_HEADER = YES;
				CLANG_WARN_RANGE_LOOP_ANALYSIS = YES;
				CLANG_WARN_STRICT_PROTOTYPES = YES;
				CLANG_WARN_SUSPICIOUS_MOVE = YES;
				CLANG_WARN_UNGUARDED_AVAILABILITY = YES_AGGRESSIVE;
				CLANG_WARN_UNREACHABLE_CODE = YES;
				CLANG_WARN__DUPLICATE_METHOD_MATCH = YES;
				COPY_PHASE_STRIP = NO;
				DEAD_CODE_STRIPPING = YES;
				DEBUG_INFORMATION_FORMAT = "dwarf-with-dsym";
				DEVELOPMENT_TEAM = BD72FKWLAY;
				ENABLE_NS_ASSERTIONS = NO;
				ENABLE_STRICT_OBJC_MSGSEND = YES;
				ENABLE_USER_SCRIPT_SANDBOXING = YES;
				GCC_C_LANGUAGE_STANDARD = gnu17;
				GCC_NO_COMMON_BLOCKS = YES;
				GCC_WARN_64_TO_32_BIT_CONVERSION = YES;
				GCC_WARN_ABOUT_RETURN_TYPE = YES_ERROR;
				GCC_WARN_UNDECLARED_SELECTOR = YES;
				GCC_WARN_UNINITIALIZED_AUTOS = YES_AGGRESSIVE;
				GCC_WARN_UNUSED_FUNCTION = YES;
				GCC_WARN_UNUSED_VARIABLE = YES;
				LOCALIZATION_PREFERS_STRING_CATALOGS = YES;
				MACOSX_DEPLOYMENT_TARGET = 14.4;
				MTL_ENABLE_DEBUG_INFO = NO;
				MTL_FAST_MATH = YES;
				SDKROOT = macosx;
				SWIFT_COMPILATION_MODE = wholemodule;
			};
			name = Release;
		};
		F47AD94E2BF5B61F005B75AC /* Debug */ = {
			isa = XCBuildConfiguration;
			buildSettings = {
				ASSETCATALOG_COMPILER_APPICON_NAME = AppIcon;
				ASSETCATALOG_COMPILER_GLOBAL_ACCENT_COLOR_NAME = AccentColor;
				CODE_SIGN_ENTITLEMENTS = AudioCap/AudioCap.entitlements;
				CODE_SIGN_STYLE = Automatic;
				COMBINE_HIDPI_IMAGES = YES;
				DEAD_CODE_STRIPPING = YES;
				DEVELOPMENT_ASSET_PATHS = "\"AudioCap/Preview Content\"";
				ENABLE_HARDENED_RUNTIME = YES;
				ENABLE_PREVIEWS = YES;
				GENERATE_INFOPLIST_FILE = YES;
				INFOPLIST_FILE = AudioCap/Info.plist;
				INFOPLIST_KEY_NSHumanReadableCopyright = "";
				INFOPLIST_KEY_NSMicrophoneUsageDescription = "Record audio";
				LD_RUNPATH_SEARCH_PATHS = (
					"$(inherited)",
					"@executable_path/../Frameworks",
				);
				PRODUCT_NAME = "$(TARGET_NAME)";
				SWIFT_EMIT_LOC_STRINGS = YES;
				SWIFT_VERSION = 5.0;
			};
			name = Debug;
		};
		F47AD94F2BF5B61F005B75AC /* Release */ = {
			isa = XCBuildConfiguration;
			buildSettings = {
				ASSETCATALOG_COMPILER_APPICON_NAME = AppIcon;
				ASSETCATALOG_COMPILER_GLOBAL_ACCENT_COLOR_NAME = AccentColor;
				CODE_SIGN_ENTITLEMENTS = AudioCap/AudioCap.entitlements;
				CODE_SIGN_STYLE = Automatic;
				COMBINE_HIDPI_IMAGES = YES;
				DEAD_CODE_STRIPPING = YES;
				DEVELOPMENT_ASSET_PATHS = "\"AudioCap/Preview Content\"";
				ENABLE_HARDENED_RUNTIME = YES;
				ENABLE_PREVIEWS = YES;
				GENERATE_INFOPLIST_FILE = YES;
				INFOPLIST_FILE = AudioCap/Info.plist;
				INFOPLIST_KEY_NSHumanReadableCopyright = "";
				INFOPLIST_KEY_NSMicrophoneUsageDescription = "Record audio";
				LD_RUNPATH_SEARCH_PATHS = (
					"$(inherited)",
					"@executable_path/../Frameworks",
				);
				PRODUCT_NAME = "$(TARGET_NAME)";
				SWIFT_EMIT_LOC_STRINGS = YES;
				SWIFT_VERSION = 5.0;
			};
			name = Release;
		};
/* End XCBuildConfiguration section */

/* Begin XCConfigurationList section */
		F47AD9392BF5B61E005B75AC /* Build configuration list for PBXProject "AudioCap" */ = {
			isa = XCConfigurationList;
			buildConfigurations = (
				F47AD94B2BF5B61F005B75AC /* Debug */,
				F47AD94C2BF5B61F005B75AC /* Release */,
			);
			defaultConfigurationIsVisible = 0;
			defaultConfigurationName = Release;
		};
		F47AD94D2BF5B61F005B75AC /* Build configuration list for PBXNativeTarget "AudioCap" */ = {
			isa = XCConfigurationList;
			buildConfigurations = (
				F47AD94E2BF5B61F005B75AC /* Debug */,
				F47AD94F2BF5B61F005B75AC /* Release */,
			);
			defaultConfigurationIsVisible = 0;
			defaultConfigurationName = Release;
		};
/* End XCConfigurationList section */
	};
	rootObject = F47AD9362BF5B61E005B75AC /* Project object */;
}
